
Microsoft Visual Studio Solution File, Format Version 12.00
# Visual Studio Version 16
VisualStudioVersion = 16.0.32413.511
MinimumVisualStudioVersion = 10.0.40219.1
Project("{FAE04EC0-301F-11D3-BF4B-00C04F79EFBC}") = "ScoreCalculate", "ScoreCalculate.csproj", "{A1189528-A9ED-495B-ADB8-B2A4E3B7BFAC}"
EndProject
Global
	GlobalSection(SolutionConfigurationPlatforms) = preSolution
		Debug|Any CPU = Debug|Any CPU
		Release|Any CPU = Release|Any CPU
	EndGlobalSection
	GlobalSection(ProjectConfigurationPlatforms) = postSolution
		{A1189528-A9ED-495B-ADB8-B2A4E3B7BFAC}.Debug|Any CPU.ActiveCfg = Debug|Any CPU
		{A1189528-A9ED-495B-ADB8-B2A4E3B7BFAC}.Debug|Any CPU.Build.0 = Debug|Any CPU
		{A1189528-A9ED-495B-ADB8-B2A4E3B7BFAC}.Release|Any CPU.ActiveCfg = Release|Any CPU
		{A1189528-A9ED-495B-ADB8-B2A4E3B7BFAC}.Release|Any CPU.Build.0 = Release|Any CPU
	EndGlobalSection
	GlobalSection(SolutionProperties) = preSolution
		HideSolutionNode = FALSE
	EndGlobalSection
	GlobalSection(ExtensibilityGlobals) = postSolution
		SolutionGuid = {7378B783-1A4C-4F9D-B0CA-2754DE36649F}
	EndGlobalSection
EndGlobal
