
Microsoft Visual Studio Solution File, Format Version 12.00
# Visual Studio Version 16
VisualStudioVersion = 16.0.32413.511
MinimumVisualStudioVersion = 10.0.40219.1
Project("{FAE04EC0-301F-11D3-BF4B-00C04F79EFBC}") = "CSV_InOutPut", "CSV_InOutPut.csproj", "{99ECADB5-72D9-4F27-B226-07DB19D3B3D2}"
EndProject
Global
	GlobalSection(SolutionConfigurationPlatforms) = preSolution
		Debug|Any CPU = Debug|Any CPU
		Release|Any CPU = Release|Any CPU
	EndGlobalSection
	GlobalSection(ProjectConfigurationPlatforms) = postSolution
		{99ECADB5-72D9-4F27-B226-07DB19D3B3D2}.Debug|Any CPU.ActiveCfg = Debug|Any CPU
		{99ECADB5-72D9-4F27-B226-07DB19D3B3D2}.Debug|Any CPU.Build.0 = Debug|Any CPU
		{99ECADB5-72D9-4F27-B226-07DB19D3B3D2}.Release|Any CPU.ActiveCfg = Release|Any CPU
		{99ECADB5-72D9-4F27-B226-07DB19D3B3D2}.Release|Any CPU.Build.0 = Release|Any CPU
	EndGlobalSection
	GlobalSection(SolutionProperties) = preSolution
		HideSolutionNode = FALSE
	EndGlobalSection
	GlobalSection(ExtensibilityGlobals) = postSolution
		SolutionGuid = {60779FEA-32BC-4F99-9B6A-FD9E03011514}
	EndGlobalSection
EndGlobal
