
Microsoft Visual Studio Solution File, Format Version 12.00
# Visual Studio Version 17
VisualStudioVersion = 17.1.32319.34
MinimumVisualStudioVersion = 10.0.40219.1
Project("{FAE04EC0-301F-11D3-BF4B-00C04F79EFBC}") = "겅부하자", "겅부하자\겅부하자.csproj", "{6EEF296F-50B4-4549-B562-CA0D267A26E6}"
EndProject
Global
	GlobalSection(SolutionConfigurationPlatforms) = preSolution
		Debug|Any CPU = Debug|Any CPU
		Release|Any CPU = Release|Any CPU
	EndGlobalSection
	GlobalSection(ProjectConfigurationPlatforms) = postSolution
		{6EEF296F-50B4-4549-B562-CA0D267A26E6}.Debug|Any CPU.ActiveCfg = Debug|Any CPU
		{6EEF296F-50B4-4549-B562-CA0D267A26E6}.Debug|Any CPU.Build.0 = Debug|Any CPU
		{6EEF296F-50B4-4549-B562-CA0D267A26E6}.Release|Any CPU.ActiveCfg = Release|Any CPU
		{6EEF296F-50B4-4549-B562-CA0D267A26E6}.Release|Any CPU.Build.0 = Release|Any CPU
	EndGlobalSection
	GlobalSection(SolutionProperties) = preSolution
		HideSolutionNode = FALSE
	EndGlobalSection
	GlobalSection(ExtensibilityGlobals) = postSolution
		SolutionGuid = {5D556B66-A586-4D17-A6EA-DBBA0580011B}
	EndGlobalSection
EndGlobal
